PODS:
  - Flutter (1.0.0)
  - flutter_flappy_pay (0.0.1):
    - Flutter
    - WechatOpenSDK
  - WechatOpenSDK (1.8.7.1)

DEPENDENCIES:
  - Flutter (from `Flutter`)
  - flutter_flappy_pay (from `.symlinks/plugins/flutter_flappy_pay/ios`)

SPEC REPOS:
  trunk:
    - WechatOpenSDK

EXTERNAL SOURCES:
  Flutter:
    :path: Flutter
  flutter_flappy_pay:
    :path: ".symlinks/plugins/flutter_flappy_pay/ios"

SPEC CHECKSUMS:
  Flutter: 0e3d915762c693b495b44d77113d4970485de6ec
  flutter_flappy_pay: dfb6d45e70f9e8a671d4c5a76791908ce4cb3959
  WechatOpenSDK: 6a4d1436c15b3b5fe2a0bd383f3046010186da44

PODFILE CHECKSUM: 8e679eca47255a8ca8067c4c67aab20e64cb974d

COCOAPODS: 1.9.3
